
Microsoft Visual Studio Solution File, Format Version 12.00
# Visual Studio Version 17
VisualStudioVersion = 17.8.34309.116
MinimumVisualStudioVersion = 10.0.40219.1
Project("{FAE04EC0-301F-11D3-BF4B-00C04F79EFBC}") = "FullStack.API", "FullStack.API\FullStack.API.csproj", "{BC30EEBC-4D8D-4262-A653-24BEDAC5F463}"
EndProject
Global
	GlobalSection(SolutionConfigurationPlatforms) = preSolution
		Debug|Any CPU = Debug|Any CPU
		Release|Any CPU = Release|Any CPU
	EndGlobalSection
	GlobalSection(ProjectConfigurationPlatforms) = postSolution
		{BC30EEBC-4D8D-4262-A653-24BEDAC5F463}.Debug|Any CPU.ActiveCfg = Debug|Any CPU
		{BC30EEBC-4D8D-4262-A653-24BEDAC5F463}.Debug|Any CPU.Build.0 = Debug|Any CPU
		{BC30EEBC-4D8D-4262-A653-24BEDAC5F463}.Release|Any CPU.ActiveCfg = Release|Any CPU
		{BC30EEBC-4D8D-4262-A653-24BEDAC5F463}.Release|Any CPU.Build.0 = Release|Any CPU
	EndGlobalSection
	GlobalSection(SolutionProperties) = preSolution
		HideSolutionNode = FALSE
	EndGlobalSection
	GlobalSection(ExtensibilityGlobals) = postSolution
		SolutionGuid = {F9494183-02E4-4D10-B0B0-99730ADECDD0}
	EndGlobalSection
EndGlobal
